
Microsoft Visual Studio Solution File, Format Version 12.00
# Visual Studio Version 16
VisualStudioVersion = 16.0.31613.86
MinimumVisualStudioVersion = 10.0.40219.1
Project("{FAE04EC0-301F-11D3-BF4B-00C04F79EFBC}") = "Calabonga.Chat.AuthServer.Web", "Calabonga.Chat.AuthServer\Calabonga.Chat.AuthServer.Web\Calabonga.Chat.AuthServer.Web.csproj", "{7385369A-CF72-43C7-9A18-CD4CD2963C2E}"
EndProject
Project("{FAE04EC0-301F-11D3-BF4B-00C04F79EFBC}") = "Calabonga.Chat.AuthServer.Data", "Calabonga.Chat.AuthServer\Calabonga.Chat.AuthServer.Data\Calabonga.Chat.AuthServer.Data.csproj", "{15AA9205-7E3C-4B78-B424-0E5C8956557E}"
EndProject
Project("{FAE04EC0-301F-11D3-BF4B-00C04F79EFBC}") = "Calabonga.Chat.AuthServer.Entities", "Calabonga.Chat.AuthServer\Calabonga.Chat.AuthServer.Entities\Calabonga.Chat.AuthServer.Entities.csproj", "{1CA1AC47-A7FE-4F41-86C4-6A2FED5455F6}"
EndProject
Global
	GlobalSection(SolutionConfigurationPlatforms) = preSolution
		Debug|Any CPU = Debug|Any CPU
		Release|Any CPU = Release|Any CPU
	EndGlobalSection
	GlobalSection(ProjectConfigurationPlatforms) = postSolution
		{7385369A-CF72-43C7-9A18-CD4CD2963C2E}.Debug|Any CPU.ActiveCfg = Debug|Any CPU
		{7385369A-CF72-43C7-9A18-CD4CD2963C2E}.Debug|Any CPU.Build.0 = Debug|Any CPU
		{7385369A-CF72-43C7-9A18-CD4CD2963C2E}.Release|Any CPU.ActiveCfg = Release|Any CPU
		{7385369A-CF72-43C7-9A18-CD4CD2963C2E}.Release|Any CPU.Build.0 = Release|Any CPU
		{15AA9205-7E3C-4B78-B424-0E5C8956557E}.Debug|Any CPU.ActiveCfg = Debug|Any CPU
		{15AA9205-7E3C-4B78-B424-0E5C8956557E}.Debug|Any CPU.Build.0 = Debug|Any CPU
		{15AA9205-7E3C-4B78-B424-0E5C8956557E}.Release|Any CPU.ActiveCfg = Release|Any CPU
		{15AA9205-7E3C-4B78-B424-0E5C8956557E}.Release|Any CPU.Build.0 = Release|Any CPU
		{1CA1AC47-A7FE-4F41-86C4-6A2FED5455F6}.Debug|Any CPU.ActiveCfg = Debug|Any CPU
		{1CA1AC47-A7FE-4F41-86C4-6A2FED5455F6}.Debug|Any CPU.Build.0 = Debug|Any CPU
		{1CA1AC47-A7FE-4F41-86C4-6A2FED5455F6}.Release|Any CPU.ActiveCfg = Release|Any CPU
		{1CA1AC47-A7FE-4F41-86C4-6A2FED5455F6}.Release|Any CPU.Build.0 = Release|Any CPU
	EndGlobalSection
	GlobalSection(SolutionProperties) = preSolution
		HideSolutionNode = FALSE
	EndGlobalSection
	GlobalSection(ExtensibilityGlobals) = postSolution
		SolutionGuid = {6EAC9515-A348-4EB8-B3F2-ECF75FAE47ED}
	EndGlobalSection
EndGlobal
