
Microsoft Visual Studio Solution File, Format Version 12.00
# Visual Studio Version 16
VisualStudioVersion = 16.0.31624.102
MinimumVisualStudioVersion = 10.0.40219.1
Project("{FAE04EC0-301F-11D3-BF4B-00C04F79EFBC}") = "Calabonga.Chat.JavaScript", "Calabonga.Chat.JavaScript\Calabonga.Chat.JavaScript.csproj", "{67A0AAA2-785F-4D52-A3B8-E30688A4CE36}"
EndProject
Global
	GlobalSection(SolutionConfigurationPlatforms) = preSolution
		Debug|Any CPU = Debug|Any CPU
		Release|Any CPU = Release|Any CPU
	EndGlobalSection
	GlobalSection(ProjectConfigurationPlatforms) = postSolution
		{67A0AAA2-785F-4D52-A3B8-E30688A4CE36}.Debug|Any CPU.ActiveCfg = Debug|Any CPU
		{67A0AAA2-785F-4D52-A3B8-E30688A4CE36}.Debug|Any CPU.Build.0 = Debug|Any CPU
		{67A0AAA2-785F-4D52-A3B8-E30688A4CE36}.Release|Any CPU.ActiveCfg = Release|Any CPU
		{67A0AAA2-785F-4D52-A3B8-E30688A4CE36}.Release|Any CPU.Build.0 = Release|Any CPU
	EndGlobalSection
	GlobalSection(SolutionProperties) = preSolution
		HideSolutionNode = FALSE
	EndGlobalSection
	GlobalSection(ExtensibilityGlobals) = postSolution
		SolutionGuid = {04BFA349-87BD-4474-8AFB-5893E442572B}
	EndGlobalSection
EndGlobal
